
Microsoft Visual Studio Solution File, Format Version 12.00
# Visual Studio 2013
VisualStudioVersion = 12.0.31101.0
MinimumVisualStudioVersion = 10.0.40219.1
Project("{FAE04EC0-301F-11D3-BF4B-00C04F79EFBC}") = "APIforWPF", "APIforWPF\APIforWPF.csproj", "{54658A6E-816E-406A-B645-021C9761F64C}"
EndProject
Project("{FAE04EC0-301F-11D3-BF4B-00C04F79EFBC}") = "ConnectTOapi", "ConnectTOapi\ConnectTOapi.csproj", "{2F65A931-B58F-460D-97ED-D97C253545A3}"
EndProject
Global
	GlobalSection(SolutionConfigurationPlatforms) = preSolution
		Debug|Any CPU = Debug|Any CPU
		Release|Any CPU = Release|Any CPU
	EndGlobalSection
	GlobalSection(ProjectConfigurationPlatforms) = postSolution
		{54658A6E-816E-406A-B645-021C9761F64C}.Debug|Any CPU.ActiveCfg = Debug|Any CPU
		{54658A6E-816E-406A-B645-021C9761F64C}.Debug|Any CPU.Build.0 = Debug|Any CPU
		{54658A6E-816E-406A-B645-021C9761F64C}.Release|Any CPU.ActiveCfg = Release|Any CPU
		{54658A6E-816E-406A-B645-021C9761F64C}.Release|Any CPU.Build.0 = Release|Any CPU
		{2F65A931-B58F-460D-97ED-D97C253545A3}.Debug|Any CPU.ActiveCfg = Debug|Any CPU
		{2F65A931-B58F-460D-97ED-D97C253545A3}.Debug|Any CPU.Build.0 = Debug|Any CPU
		{2F65A931-B58F-460D-97ED-D97C253545A3}.Release|Any CPU.ActiveCfg = Release|Any CPU
		{2F65A931-B58F-460D-97ED-D97C253545A3}.Release|Any CPU.Build.0 = Release|Any CPU
	EndGlobalSection
	GlobalSection(SolutionProperties) = preSolution
		HideSolutionNode = FALSE
	EndGlobalSection
EndGlobal
